
Microsoft Visual Studio Solution File, Format Version 12.00
# Visual Studio Version 17
VisualStudioVersion = 17.10.35013.160
MinimumVisualStudioVersion = 10.0.40219.1
Project("{FAE04EC0-301F-11D3-BF4B-00C04F79EFBC}") = "KafkaEstudo", "KafkaEstudo\KafkaEstudo.csproj", "{4BC37E15-38C1-4E8C-8562-B315F2A21EE0}"
EndProject
Project("{2150E333-8FDC-42A3-9474-1A3956D46DE8}") = "Avro", "Avro", "{2C175155-993A-4DDE-8E98-54C22F87B7A5}"
	ProjectSection(SolutionItems) = preProject
		Curso.avsc = Curso.avsc
	EndProjectSection
EndProject
Global
	GlobalSection(SolutionConfigurationPlatforms) = preSolution
		Debug|Any CPU = Debug|Any CPU
		Release|Any CPU = Release|Any CPU
	EndGlobalSection
	GlobalSection(ProjectConfigurationPlatforms) = postSolution
		{4BC37E15-38C1-4E8C-8562-B315F2A21EE0}.Debug|Any CPU.ActiveCfg = Debug|Any CPU
		{4BC37E15-38C1-4E8C-8562-B315F2A21EE0}.Debug|Any CPU.Build.0 = Debug|Any CPU
		{4BC37E15-38C1-4E8C-8562-B315F2A21EE0}.Release|Any CPU.ActiveCfg = Release|Any CPU
		{4BC37E15-38C1-4E8C-8562-B315F2A21EE0}.Release|Any CPU.Build.0 = Release|Any CPU
	EndGlobalSection
	GlobalSection(SolutionProperties) = preSolution
		HideSolutionNode = FALSE
	EndGlobalSection
	GlobalSection(ExtensibilityGlobals) = postSolution
		SolutionGuid = {E5217EAC-211C-44A2-A54B-1DE2E69D1014}
	EndGlobalSection
EndGlobal
